
Microsoft Visual Studio Solution File, Format Version 12.00
# Visual Studio Version 17
VisualStudioVersion = 17.14.36616.10 d17.14
MinimumVisualStudioVersion = 10.0.40219.1
Project("{C9674DCB-5085-4A16-B785-4C70DD1589BD}") = "21127719_ETL", "21127719_ETL\21127719_ETL.dtproj", "{445A3F56-7A67-C3C1-5657-914ADEB76FEA}"
EndProject
Global
	GlobalSection(SolutionConfigurationPlatforms) = preSolution
		Development|Default = Development|Default
	EndGlobalSection
	GlobalSection(ProjectConfigurationPlatforms) = postSolution
		{445A3F56-7A67-C3C1-5657-914ADEB76FEA}.Development|Default.ActiveCfg = Development
		{445A3F56-7A67-C3C1-5657-914ADEB76FEA}.Development|Default.Build.0 = Development
	EndGlobalSection
	GlobalSection(SolutionProperties) = preSolution
		HideSolutionNode = FALSE
	EndGlobalSection
	GlobalSection(ExtensibilityGlobals) = postSolution
		SolutionGuid = {210FD24C-9BC5-46FC-8A57-744174AF318D}
	EndGlobalSection
EndGlobal
